github.com/davecgh/go-spew v1.1.1 h1:vj9j/u1bqnvCEfJOwUhtlOARqs3+rkHYY13jYWTU97c=
github.com/davecgh/go-spew v1.1.1/go.mod h1:J7Y8YcW2NihsgmVo/mv3lAwl/skON4iLHjSsI+c5H38=
github.com/docker/docker v1.13.1 h1:IkZjBSIc8hBjLpqeAbeE5mca5mNgeatLHBy3GO78BWo=
github.com/docker/docker v1.13.1/go.mod h1:eEKB0N0r5NX/I1kEveEz05bcu8tLC/8azJZsviup8Sk=
github.com/fatih/color v1.7.1-0.20180516100307-2d684516a886 h1:NAFoy+QgUpERgK3y1xiVh5HcOvSeZHpXTTo5qnvnuK4=
github.com/fatih/color v1.7.1-0.20180516100307-2d684516a886/go.mod h1:Zm6kSWBoL9eyXnKyktHP6abPY2pDugNf5KwzbycvMj4=
github.com/google/uuid v1.1.1 h1:Gkbcsh/GbpXz7lPftLA3P6TYMwjCLYm83jiFQZF/3gY=
github.com/google/uuid v1.1.1/go.mod h1:TIyPZe4MgqvfeYDBFedMoGGpEw/LqOeaOT+nhxU+yHo=
github.com/gosuri/uilive v0.0.1 h1:zoIHF8lwKuZbNdJ38YtOJxY7tdskYNuQ2DoaxtneJ9A=
github.com/gosuri/uilive v0.0.1/go.mod h1:qkLSc0A5EXSP6B04TrN4oQoxqFI7A8XvoXSlJi8cwk8=
github.com/gosuri/uilive v0.0.3 h1:kvo6aB3pez9Wbudij8srWo4iY6SFTTxTKOkb+uRCE8I=
github.com/gosuri/uilive v0.0.3/go.mod h1:qkLSc0A5EXSP6B04TrN4oQoxqFI7A8XvoXSlJi8cwk8=
github.com/gosuri/uiprogress v0.0.1 h1:0kpv/XY/qTmFWl/SkaJykZXrBBzwwadmW8fRb7RJSxw=
github.com/gosuri/uiprogress v0.0.1/go.mod h1:C1RTYn4Sc7iEyf6j8ft5dyoZ4212h8G1ol9QQluh5+0=
github.com/henvic/uilive v0.0.0-20170601211230-dc7a6ced9df3/go.mod h1:hYCEkhSdgd89EzavwjVwKzueIzZM6BzGF4IoyRm7cLw=
github.com/henvic/uiprogress v0.0.0-20160202012259-a9f819bfc744/go.mod h1:djjdEL8cuLPRIOCsYCp14Sg75Q+bAlunNT3OsJ3/uPs=
github.com/kballard/go-shellquote v0.0.0-20180428030007-95032a82bc51 h1:Z9n2FFNUXsshfwJMBgNA0RU6/i7WVaAegv3PtuIHPMs=
github.com/kballard/go-shellquote v0.0.0-20180428030007-95032a82bc51/go.mod h1:CzGEWj7cYgsdH8dAjBGEr58BoE7ScuLd+fwFZ44+/x8=
github.com/keegancsmith/rpc v1.1.0/go.mod h1:Xow74TKX34OPPiPCdz6x1o9c0SCxRqGxDuKGk7ZOo8s=
github.com/klauspost/compress v1.3.0 h1:kKeUSEWOEaY7o6tEo81HGkvA90Q+qCd1WIkOjr7HgvQ=
github.com/klauspost/compress v1.3.0/go.mod h1:RyIbtBH6LamlWaDj8nUwkbUhJ87Yi3uG0guNDohfE1A=
github.com/klauspost/compress v1.9.3 h1:hkFELABwacUEgBfiguNeQydKv3M9pawBq8o24Ypw9+M=
github.com/klauspost/compress v1.9.3/go.mod h1:RyIbtBH6LamlWaDj8nUwkbUhJ87Yi3uG0guNDohfE1A=
github.com/klauspost/cpuid v1.2.0 h1:NMpwD2G9JSFOE1/TJjGSo5zG7Yb2bTe7eq1jH+irmeE=
github.com/klauspost/cpuid v1.2.0/go.mod h1:Pj4uuM528wm8OyEC2QMXAi2YiTZ96dNQPGgoMS4s3ek=
github.com/klauspost/cpuid v1.2.1/go.mod h1:Pj4uuM528wm8OyEC2QMXAi2YiTZ96dNQPGgoMS4s3ek=
github.com/klauspost/crc32 v1.2.0 h1:0VuyqOCruD33/lJ/ojXNvzVyl8Zr5zdTmj9l9qLZ86I=
github.com/klauspost/crc32 v1.2.0/go.mod h1:+ZoRqAPRLkC4NPOvfYeR5KNOrY6TD+/sAC3HXPZgDYg=
github.com/klauspost/pgzip v1.0.2-0.20180606150939-90b2c57fba35 h1:Ncl4aW+4qeOCEz02oy4LjL1VQhMfkDS8XF5bAF32E5I=
github.com/klauspost/pgzip v1.0.2-0.20180606150939-90b2c57fba35/go.mod h1:Ch1tH69qFZu15pkjo5kYi6mth2Zzwzt50oCQKQE9RUs=
github.com/klauspost/pgzip v1.2.1 h1:oIPZROsWuPHpOdMVWLuJZXwgjhrW8r1yEX8UqMyeNHM=
github.com/klauspost/pgzip v1.2.1/go.mod h1:Ch1tH69qFZu15pkjo5kYi6mth2Zzwzt50oCQKQE9RUs=
github.com/mattn/go-colorable v0.1.2 h1:/bC9yWikZXAL9uJdulbSfyVNIR3n3trXl+v8+1sx8mU=
github.com/mattn/go-colorable v0.1.2/go.mod h1:U0ppj6V5qS13XJ6of8GYAs25YV2eR4EVcfRqFIhoBtE=
github.com/mattn/go-colorable v0.1.4 h1:snbPLB8fVfU9iwbbo30TPtbLRzwWu6aJS6Xh4eaaviA=
github.com/mattn/go-colorable v0.1.4/go.mod h1:U0ppj6V5qS13XJ6of8GYAs25YV2eR4EVcfRqFIhoBtE=
github.com/mattn/go-isatty v0.0.4 h1:bnP0vzxcAdeI1zdubAl5PjU6zsERjGZb7raWodagDYs=
github.com/mattn/go-isatty v0.0.4/go.mod h1:M+lRXTBqGeGNdLjl/ufCoiOlB5xdOkqRJdNxMWT7Zi4=
github.com/mattn/go-isatty v0.0.8 h1:HLtExJ+uU2HOZ+wI0Tt5DtUDrx8yhUqDcp7fYERX4CE=
github.com/mattn/go-isatty v0.0.8/go.mod h1:Iq45c/XA43vh69/j3iqttzPXn0bhXyGjM0Hdxcsrc5s=
github.com/mattn/go-isatty v0.0.10 h1:qxFzApOv4WsAL965uUPIsXzAKCZxN2p9UqdhFS4ZW10=
github.com/mattn/go-isatty v0.0.10/go.mod h1:qgIWMr58cqv1PHHyhnkY9lrL7etaEgOFcMEpPG5Rm84=
github.com/mistifyio/go-zfs v2.1.2-0.20190318212943-b6cafe7fb92e+incompatible h1:GqLnSiOddBFRL7r/lr+ddpQs8EI1D+bEw1zGIoaAWRc=
github.com/mistifyio/go-zfs v2.1.2-0.20190318212943-b6cafe7fb92e+incompatible/go.mod h1:8AuVvqP/mXw1px98n46wfvcGfQ4ci2FwoAjKYxuo3Z4=
github.com/remeh/sizedwaitgroup v0.0.0-20180216122050-5582a674300c h1:uIN9KQW1rn6Je1ZE7kmW9KP/ZKDk5W21BI7ymnuT3z8=
github.com/remeh/sizedwaitgroup v0.0.0-20180216122050-5582a674300c/go.mod h1:3j2R4OIe/SeS6YDhICBy22RWjJC5eNCJ1V+9+NVNYlo=
github.com/remeh/sizedwaitgroup v1.0.0 h1:VNGGFwNo/R5+MJBf6yrsr110p0m4/OX4S3DCy7Kyl5E=
github.com/remeh/sizedwaitgroup v1.0.0/go.mod h1:3j2R4OIe/SeS6YDhICBy22RWjJC5eNCJ1V+9+NVNYlo=
github.com/stamblerre/gocode v1.0.0/go.mod h1:ONyGamdxpnxaG2+XLyGkNuuoYISmz0QFVHScxvsXsqM=
github.com/tidwall/gjson v1.1.2 h1:2cScOmQ0oRDK1idscWbg9Va8xvQ88Lqb73rkgg8scEo=
github.com/tidwall/gjson v1.1.2/go.mod h1:c/nTNbUr0E0OrXEhq1pwa8iEgc2DOt4ZZqAt1HtCkPA=
github.com/tidwall/gjson v1.3.5 h1:2oW9FBNu8qt9jy5URgrzsVx/T/KSn3qn/smJQ0crlDQ=
github.com/tidwall/gjson v1.3.5/go.mod h1:P256ACg0Mn+j1RXIDXoss50DeIABTYK1PULOJHhxOls=
github.com/tidwall/match v1.0.0 h1:Ym1EcFkp+UQ4ptxfWlW+iMdq5cPH5nEuGzdf/Pb7VmI=
github.com/tidwall/match v1.0.0/go.mod h1:LujAq0jyVjBy028G1WhWfIzbpQfMO8bBZ6Tyb0+pL9E=
github.com/tidwall/match v1.0.1 h1:PnKP62LPNxHKTwvHHZZzdOAOCtsJTjo6dZLCwpKm5xc=
github.com/tidwall/match v1.0.1/go.mod h1:LujAq0jyVjBy028G1WhWfIzbpQfMO8bBZ6Tyb0+pL9E=
github.com/tidwall/pretty v1.0.0 h1:HsD+QiTn7sK6flMKIvNmpqz1qrpP3Ps6jOKIKMooyg4=
github.com/tidwall/pretty v1.0.0/go.mod h1:XNkn88O1ChpSDQmQeStsy+sBenx6DDtFZJxhVysOjyk=
github.com/xorpaul/g10k v0.4.7/go.mod h1:aCJeZuAz66uRGzj3/VEiscUiX5tlbaNuvfLSyIK7cT8=
github.com/xorpaul/uiprogress v0.0.0-20170224063937-d0567a9d84a1 h1:FFFoSNJzMXXsg7jmYgenX1jTBGO4bHTanCh/Vevf9nM=
github.com/xorpaul/uiprogress v0.0.0-20170224063937-d0567a9d84a1/go.mod h1:bv7Bw4YYdRyBaDy4GzkEVtK9L+gbxc3GHTrH0/WyGMA=
golang.org/x/crypto v0.0.0-20180621125126-a49355c7e3f8 h1:h7zdf0RiEvWbYBKIx4b+q41xoUVnMmvsGZnIVE5syG8=
golang.org/x/crypto v0.0.0-20180621125126-a49355c7e3f8/go.mod h1:6SG95UA2DQfeDnfUPMdvaQW0Q7yPrPDi9nlGo2tz2b4=
golang.org/x/crypto v0.0.0-20190308221718-c2843e01d9a2/go.mod h1:djNgcEr1/C05ACkg1iLfiJU5Ep61QUkGW8qpdssI0+w=
golang.org/x/crypto v0.0.0-20191128160524-b544559bb6d1 h1:anGSYQpPhQwXlwsu5wmfq0nWkCNaMEMUwAv13Y92hd8=
golang.org/x/crypto v0.0.0-20191128160524-b544559bb6d1/go.mod h1:LzIPMQfyMNhhGPhUkYOs5KpL4U8rLKemX1yGLhDgUto=
golang.org/x/net v0.0.0-20190404232315-eb5bcb51f2a3/go.mod h1:t9HGtf8HONx5eT2rtn7q6eTqICYqUVnKs3thJo3Qplg=
golang.org/x/net v0.0.0-20190620200207-3b0461eec859/go.mod h1:z5CRVTTTmAJ677TzLLGU+0bjPO0LkuOLi4/5GtJWs/s=
golang.org/x/sync v0.0.0-20190423024810-112230192c58/go.mod h1:RxMgew5VJxzue5/jJTE5uejpjVlOe/izrB70Jof72aM=
golang.org/x/sys v0.0.0-20180625162522-a200a19cb90b h1:dzHBFAvEiygv4M/npuIZutMRcJ4d6fgWhuw7Er8rYUo=
golang.org/x/sys v0.0.0-20180625162522-a200a19cb90b/go.mod h1:STP8DvDyc/dI5b8T5hshtkjS+E42TnysNCUPdjciGhY=
golang.org/x/sys v0.0.0-20190215142949-d0b11bdaac8a/go.mod h1:STP8DvDyc/dI5b8T5hshtkjS+E42TnysNCUPdjciGhY=
golang.org/x/sys v0.0.0-20190222072716-a9d3bda3a223 h1:DH4skfRX4EBpamg7iV4ZlCpblAHI6s6TDM39bFZumv8=
golang.org/x/sys v0.0.0-20190222072716-a9d3bda3a223/go.mod h1:STP8DvDyc/dI5b8T5hshtkjS+E42TnysNCUPdjciGhY=
golang.org/x/sys v0.0.0-20190412213103-97732733099d/go.mod h1:h1NjWce9XRLGQEsW7wpKNCjG9DtNlClVuFLEZdDNbEs=
golang.org/x/sys v0.0.0-20191008105621-543471e840be/go.mod h1:h1NjWce9XRLGQEsW7wpKNCjG9DtNlClVuFLEZdDNbEs=
golang.org/x/sys v0.0.0-20191128015809-6d18c012aee9 h1:ZBzSG/7F4eNKz2L3GE9o300RX0Az1Bw5HF7PDraD+qU=
golang.org/x/sys v0.0.0-20191128015809-6d18c012aee9/go.mod h1:h1NjWce9XRLGQEsW7wpKNCjG9DtNlClVuFLEZdDNbEs=
golang.org/x/text v0.3.0/go.mod h1:NqM8EUOU14njkJ3fqMW+pc6Ldnwhi/IjpwHt7yyuwOQ=
golang.org/x/tools v0.0.0-20191030062658-86caa796c7ab/go.mod h1:b+2E5dAYhXwXZwtnZ6UAqBI28+e2cm9otk0dWdXHAEo=
golang.org/x/xerrors v0.0.0-20190717185122-a985d3407aa7/go.mod h1:I/5z698sn9Ka8TeJc9MKroUUfqBBauWjQqLJ2OPfmY0=
gopkg.in/check.v1 v0.0.0-20161208181325-20d25e280405 h1:yhCVgyC4o1eVCa2tZl7eS0r+SDo693bJlVdllGtEeKM=
gopkg.in/check.v1 v0.0.0-20161208181325-20d25e280405/go.mod h1:Co6ibVJAznAaIkqp8huTwlJQCZ016jof/cbN4VW5Yz0=
gopkg.in/yaml.v2 v2.2.1 h1:mUhvW9EsL+naU5Q3cakzfE91YhliOondGd6ZrsDBHQE=
gopkg.in/yaml.v2 v2.2.1/go.mod h1:hI93XBmqTisBFMUTm0b8Fm+jr3Dg1NNxqwp+5A1VGuI=
gopkg.in/yaml.v2 v2.2.7 h1:VUgggvou5XRW9mHwD/yXxIYSMtY0zoKQf/v226p2nyo=
gopkg.in/yaml.v2 v2.2.7/go.mod h1:hI93XBmqTisBFMUTm0b8Fm+jr3Dg1NNxqwp+5A1VGuI=
